
Microsoft Visual Studio Solution File, Format Version 12.00
# Visual Studio Version 17
VisualStudioVersion = 17.5.33530.505
MinimumVisualStudioVersion = 10.0.40219.1
Project("{FAE04EC0-301F-11D3-BF4B-00C04F79EFBC}") = "CX-Metric-2-AzureLogAnalytics", "CX-Metric-2-AzureLogAnalytics\CX-Metric-2-AzureLogAnalytics.csproj", "{0C768704-5C75-4C85-984E-7178C293B1E7}"
EndProject
Global
	GlobalSection(SolutionConfigurationPlatforms) = preSolution
		Debug|Any CPU = Debug|Any CPU
		Release|Any CPU = Release|Any CPU
	EndGlobalSection
	GlobalSection(ProjectConfigurationPlatforms) = postSolution
		{0C768704-5C75-4C85-984E-7178C293B1E7}.Debug|Any CPU.ActiveCfg = Debug|Any CPU
		{0C768704-5C75-4C85-984E-7178C293B1E7}.Debug|Any CPU.Build.0 = Debug|Any CPU
		{0C768704-5C75-4C85-984E-7178C293B1E7}.Release|Any CPU.ActiveCfg = Release|Any CPU
		{0C768704-5C75-4C85-984E-7178C293B1E7}.Release|Any CPU.Build.0 = Release|Any CPU
	EndGlobalSection
	GlobalSection(SolutionProperties) = preSolution
		HideSolutionNode = FALSE
	EndGlobalSection
	GlobalSection(ExtensibilityGlobals) = postSolution
		SolutionGuid = {CB027372-811B-4687-9068-3C158CFABC04}
	EndGlobalSection
EndGlobal
